
{
  "name": "hello-world",
  "version": "0.1.0",
  "lockfileVersion": 1,
  "requires": true,
  "dependencies": {
    "@ant-design-vue/babel-helper-vue-transform-on": {
      "version": "1.0.1",
      "resolved": "https://registry.npmjs.org/@ant-design-vue/babel-helper-vue-transform-on/-/babel-helper-vue-transform-on-1.0.1.tgz",
      "integrity": "sha512-dOAPf/tCM2lCG8FhvOMFBaOdMElMEGhOoocMXEWvHW2l1KIex+UibDcq4bdBEJpDMLrnbNOqci9E7P2dARP6lg==",
      "dev": true
    },
    "@ant-design-vue/babel-plugin-jsx": {
      "version": "1.0.0-rc.1",
      "resolved": "https://registry.npmjs.org/@ant-design-vue/babel-plugin-jsx/-/babel-plugin-jsx-1.0.0-rc.1.tgz",
      "integrity": "sha512-x7PfAHSs5/emIuey1Df7Bh/vJU27S9KBdufzoAA7kgwTpEpY85R7CXD9gl6sJFB7aG2pZpl4Tmm+FsHlzgp7fA==",
      "dev": true,
      "requires": {
        "@ant-design-vue/babel-helper-vue-transform-on": "^1.0.0",
        "@babel/helper-module-imports": "^7.0.0",
        "@babel/plugin-syntax-jsx": "^7.0.0",
        "@babel/traverse": "^7.0.0",
        "@babel/types": "^7.0.0",
        "camelcase": "^6.0.0",
        "html-tags": "^3.1.0",
        "svg-tags": "^1.0.0"
      }
    },