
{
  "name": "hello-world",
  "version": "0.1.0",
  "lockfileVersion": 1,
  "requires": true,
  "dependencies": {
    "@ant-design-vue/babel-helper-vue-transform-on": {
      "version": "1.0.1",
      "resolved": "https://registry.npmjs.org/@ant-design-vue/babel-helper-vue-transform-on/-/babel-helper-vue-transform-on-1.0.1.tgz",